{
  "name": "node-rpsls",
  "version": "1.0.0",
  "lockfileVersion": 3,
  "requires": true,
  "packages": {
    "": {
      "name": "node-rpsls",
      "version": "1.0.0",
      "license": "SEE LICENSE IN LICENSE",
      "bin": {
        "node-rps": "bin/rps-cli.js",
        "node-rpsls": "bin/rpsls-cli.js"
      }
    }
  }
}
